{
  "name": "mongodb-node-changestreams-sample",
  "version": "1.0.0",
  "lockfileVersion": 1,
  "requires": true,
  "dependencies": {
    "@elastic/elasticsearch": {
      "version": "7.6.1",
      "resolved": "https://plossys.jfrog.io/plossys/api/npm/npm-repo/@elastic/elasticsearch/-/elasticsearch-7.6.1.tgz",
      "integrity": "sha1-8j+2FG3rgFPBrMGbxKbd9vmWGh4=",
      "requires": {
        "debug": "^4.1.1",
        "decompress-response": "^4.2.0",
        "into-stream": "^5.1.0",
        "ms": "^2.1.1",
        "once": "^1.4.0",
        "pump": "^3.0.0",
        "secure-json-parse": "^2.1.0"
      }
    },
    "asap": {
      "version": "2.0.6",
      "resolved": "https://plossys.jfrog.io/plossys/api/npm/npm-repo/asap/-/asap-2.0.6.tgz",
      "integrity": "sha1-5QNHYR1+aQlDIIu9r+vLwvuGbUY="
    },
    "async": {
      "version": "2.6.3",
      "resolved": "https://plossys.jfrog.io/plossys/api/npm/npm-repo/async/-/async-2.6.3.tgz",
      "integrity": "sha1-1yYl4jRKNlbjo61Pp0n6gymdgv8=",
      "requires": {
        "lodash": "^4.17.14"
      }
    },
    "bl": {
      "version": "2.2.1",
      "resolved": "https://registry.npmjs.org/bl/-/bl-2.2.1.tgz",
      "integrity": "sha512-6Pesp1w0DEX1N550i/uGV/TqucVL4AM/pgThFSN/Qq9si1/DF9aIHs1BxD8V/QU0HoeHO6cQRTAuYnLPKq1e4g==",
      "requires": {
        "readable-stream": "^2.3.5",
        "safe-buffer": "^5.1.1"
      }
    },
    "bson": {
      "version": "1.1.3",
      "resolved": "https://plossys.jfrog.io/plossys/api/npm/npm-repo/bson/-/bson-1.1.3.tgz",
      "integrity": "sha1-qoLLkfmkU6qgYNYgnQZ1EUqBVNM="
    },
    "color": {
      "version": "3.0.0",
      "resolved": "https://plossys.jfrog.io/plossys/api/npm/npm-repo/color/-/color-3.0.0.tgz",
      "integrity": "sha1-2SC0Mo1TSjrIKV1o971LpsQnvpo=",
      "requires": {
        "color-convert": "^1.9.1",
        "color-string": "^1.5.2"
      }
    },
    "color-convert": {
      "version": "1.9.3",
      "resolved": "https://plossys.jfrog.io/plossys/api/npm/npm-repo/color-convert/-/color-convert-1.9.3.tgz",
      "integrity": "sha1-u3GFBpDh8TZWfeYp0tVHHe2kweg=",
      "requires": {
        "color-name": "1.1.3"
      }
    },
    "color-name": {
      "version": "1.1.3",
      "resolved": "https://plossys.jfrog.io/plossys/api/npm/npm-repo/color-name/-/color-name-1.1.3.tgz",
      "integrity": "sha1-p9BVi9icQveV3UIyj3QIMcpTvCU="
    },
    "color-string": {
      "version": "1.5.3",
      "resolved": "https://plossys.jfrog.io/plossys/api/npm/npm-repo/color-string/-/color-string-1.5.3.tgz",
      "integrity": "sha1-ybvF8BtYtUkvPWhXRZy2WQziBMw=",
      "requires": {
        "color-name": "^1.0.0",
        "simple-swizzle": "^0.2.2"
      }
    },
    "colornames": {
      "version": "1.1.1",
      "resolved": "https://plossys.jfrog.io/plossys/api/npm/npm-repo/colornames/-/colornames-1.1.1.tgz",
      "integrity": "sha1-+IiQMGhcfE/54qVZ9Qd+t2qBb5Y="
    },
    "colors": {
      "version": "1.4.0",
      "resolved": "https://plossys.jfrog.io/plossys/api/npm/npm-repo/colors/-/colors-1.4.0.tgz",
      "integrity": "sha1-xQSRR51MG9rtLJztMs98fcI2D3g="
    },
    "colorspace": {
      "version": "1.1.2",
      "resolved": "https://plossys.jfrog.io/plossys/api/npm/npm-repo/colorspace/-/colorspace-1.1.2.tgz",
      "integrity": "sha1-4BKJUNCCuGohaFgHlqCqXWxo2MU=",
      "requires": {
        "color": "3.0.x",
        "text-hex": "1.0.x"
      }
    },
    "core-util-is": {
      "version": "1.0.2",
      "resolved": "https://plossys.jfrog.io/plossys/api/npm/npm-repo/core-util-is/-/core-util-is-1.0.2.tgz",
      "integrity": "sha1-tf1UIgqivFq1eqtxQMlAdUUDwac="
    },
    "dayjs": {
      "version": "1.8.23",
      "resolved": "https://plossys.jfrog.io/plossys/api/npm/npm-repo/dayjs/-/dayjs-1.8.23.tgz",
      "integrity": "sha1-B7Wo51nE11rge90K1pd/hRwB5RA="
    },
    "debug": {
      "version": "4.1.1",
      "resolved": "https://plossys.jfrog.io/plossys/api/npm/npm-repo/debug/-/debug-4.1.1.tgz",
      "integrity": "sha1-O3ImAlUQnGtYnO4FDx1RYTlmR5E=",
      "requires": {
        "ms": "^2.1.1"
      }
    },
    "decompress-response": {
      "version": "4.2.1",
      "resolved": "https://plossys.jfrog.io/plossys/api/npm/npm-repo/decompress-response/-/decompress-response-4.2.1.tgz",
      "integrity": "sha1-QUAjzHowLaJc4uyC0NUjjMr9iYY=",
      "requires": {
        "mimic-response": "^2.0.0"
      }
    },
    "denque": {
      "version": "1.4.1",
      "resolved": "https://plossys.jfrog.io/plossys/api/npm/npm-repo/denque/-/denque-1.4.1.tgz",
      "integrity": "sha1-Z0T/dkHBSMP4ppwwflEjXB9KN88="
    },
    "diagnostics": {
      "version": "1.1.1",
      "resolved": "https://plossys.jfrog.io/plossys/api/npm/npm-repo/diagnostics/-/diagnostics-1.1.1.tgz",
      "integrity": "sha1-yrasM99wydmnJ0kK5DrJladpsio=",
      "requires": {
        "colorspace": "1.1.x",
        "enabled": "1.0.x",
        "kuler": "1.0.x"
      }
    },
    "enabled": {
      "version": "1.0.2",
      "resolved": "https://plossys.jfrog.io/plossys/api/npm/npm-repo/enabled/-/enabled-1.0.2.tgz",
      "integrity": "sha1-ll9lE9LC0cX0ZStkouM5ZGf8L5M=",
      "requires": {
        "env-variable": "0.0.x"
      }
    },
    "end-of-stream": {
      "version": "1.4.4",
      "resolved": "https://plossys.jfrog.io/plossys/api/npm/npm-repo/end-of-stream/-/end-of-stream-1.4.4.tgz",
      "integrity": "sha1-WuZKX0UFe682JuwU2gyl5LJDHrA=",
      "requires": {
        "once": "^1.4.0"
      }
    },
    "env-variable": {
      "version": "0.0.6",
      "resolved": "https://plossys.jfrog.io/plossys/api/npm/npm-repo/env-variable/-/env-variable-0.0.6.tgz",
      "integrity": "sha1-dKsgs3hsVFtitKSBOrjPInJsmAg="
    },
    "fast-safe-stringify": {
      "version": "2.0.7",
      "resolved": "https://plossys.jfrog.io/plossys/api/npm/npm-repo/fast-safe-stringify/-/fast-safe-stringify-2.0.7.tgz",
      "integrity": "sha1-EkqohYmSYfaK7bQqfAgN6dpgh0M="
    },
    "fecha": {
      "version": "2.3.3",
      "resolved": "https://plossys.jfrog.io/plossys/api/npm/npm-repo/fecha/-/fecha-2.3.3.tgz",
      "integrity": "sha1-lI50FX3xoy/RsSw6PDzctuydls0="
    },
    "from2": {
      "version": "2.3.0",
      "resolved": "https://plossys.jfrog.io/plossys/api/npm/npm-repo/from2/-/from2-2.3.0.tgz",
      "integrity": "sha1-i/tVAr3kpNNs/e6gB/zKIdfjgq8=",
      "requires": {
        "inherits": "^2.0.1",
        "readable-stream": "^2.0.0"
      }
    },
    "inherits": {
      "version": "2.0.4",
      "resolved": "https://plossys.jfrog.io/plossys/api/npm/npm-repo/inherits/-/inherits-2.0.4.tgz",
      "integrity": "sha1-D6LGT5MpF8NDOg3tVTY6rjdBa3w="
    },
    "into-stream": {
      "version": "5.1.1",
      "resolved": "https://plossys.jfrog.io/plossys/api/npm/npm-repo/into-stream/-/into-stream-5.1.1.tgz",
      "integrity": "sha1-+aIKNIoR88E/rOInY/LQLhJ/Tbg=",
      "requires": {
        "from2": "^2.3.0",
        "p-is-promise": "^3.0.0"
      }
    },
    "is-absolute": {
      "version": "0.2.6",
      "resolved": "https://plossys.jfrog.io/plossys/api/npm/npm-repo/is-absolute/-/is-absolute-0.2.6.tgz",
      "integrity": "sha1-IN5p89uULvLYe5wto28XIjWxtes=",
      "requires": {
        "is-relative": "^0.2.1",
        "is-windows": "^0.2.0"
      }
    },
    "is-arrayish": {
      "version": "0.3.2",
      "resolved": "https://plossys.jfrog.io/plossys/api/npm/npm-repo/is-arrayish/-/is-arrayish-0.3.2.tgz",
      "integrity": "sha1-RXSirlb3qyBolvtDHq7tBm/fjwM="
    },
    "is-relative": {
      "version": "0.2.1",
      "resolved": "https://plossys.jfrog.io/plossys/api/npm/npm-repo/is-relative/-/is-relative-0.2.1.tgz",
      "integrity": "sha1-0n9MfVFtF1+2ENuEu+7yPDvJeqU=",
      "requires": {
        "is-unc-path": "^0.1.1"
      }
    },
    "is-stream": {
      "version": "1.1.0",
      "resolved": "https://plossys.jfrog.io/plossys/api/npm/npm-repo/is-stream/-/is-stream-1.1.0.tgz",
      "integrity": "sha1-EtSj3U5o4Lec6428hBc66A2RykQ="
    },
    "is-unc-path": {
      "version": "0.1.2",
      "resolved": "https://plossys.jfrog.io/plossys/api/npm/npm-repo/is-unc-path/-/is-unc-path-0.1.2.tgz",
      "integrity": "sha1-arBTpyVzwQJQ/0FqOBTDUXivObk=",
      "requires": {
        "unc-path-regex": "^0.1.0"
      }
    },
    "is-windows": {
      "version": "0.2.0",
      "resolved": "https://plossys.jfrog.io/plossys/api/npm/npm-repo/is-windows/-/is-windows-0.2.0.tgz",
      "integrity": "sha1-3hqm1j6indJIc3tp8f+LgALSEIw="
    },
    "isarray": {
      "version": "1.0.0",
      "resolved": "https://plossys.jfrog.io/plossys/api/npm/npm-repo/isarray/-/isarray-1.0.0.tgz",
      "integrity": "sha1-u5NdSFgsuhaMBoNJV6VKPgcSTxE="
    },
    "kuler": {
      "version": "1.0.1",
      "resolved": "https://plossys.jfrog.io/plossys/api/npm/npm-repo/kuler/-/kuler-1.0.1.tgz",
      "integrity": "sha1-73x4TzbJ+24W3TFQ0VJneysCKKY=",
      "requires": {
        "colornames": "^1.1.1"
      }
    },
    "lodash": {
      "version": "4.17.15",
      "resolved": "https://plossys.jfrog.io/plossys/api/npm/npm-repo/lodash/-/lodash-4.17.15.tgz",
      "integrity": "sha1-tEf2ZwoEVbv+7dETku/zMOoJdUg="
    },
    "lodash.defaults": {
      "version": "4.2.0",
      "resolved": "https://plossys.jfrog.io/plossys/api/npm/npm-repo/lodash.defaults/-/lodash.defaults-4.2.0.tgz",
      "integrity": "sha1-0JF4cW/+pN3p5ft7N/bwgCJ0WAw="
    },
    "lodash.omit": {
      "version": "4.5.0",
      "resolved": "https://plossys.jfrog.io/plossys/api/npm/npm-repo/lodash.omit/-/lodash.omit-4.5.0.tgz",
      "integrity": "sha1-brGa5aHuHdnfC5aeZs4Lf6MLXmA="
    },
    "logform": {
      "version": "2.1.2",
      "resolved": "https://plossys.jfrog.io/plossys/api/npm/npm-repo/logform/-/logform-2.1.2.tgz",
      "integrity": "sha1-lXFV6+tnoTFkBpglzmfdtbst02A=",
      "requires": {
        "colors": "^1.2.1",
        "fast-safe-stringify": "^2.0.4",
        "fecha": "^2.3.3",
        "ms": "^2.1.1",
        "triple-beam": "^1.3.0"
      }
    },
    "memory-pager": {
      "version": "1.5.0",
      "resolved": "https://plossys.jfrog.io/plossys/api/npm/npm-repo/memory-pager/-/memory-pager-1.5.0.tgz",
      "integrity": "sha1-2HUWVdItOEaCdByXLyw9bfo+ZrU=",
      "optional": true
    },
    "mimic-response": {
      "version": "2.1.0",
      "resolved": "https://plossys.jfrog.io/plossys/api/npm/npm-repo/mimic-response/-/mimic-response-2.1.0.tgz",
      "integrity": "sha1-0Tdj019hPQnsN+uzC6wEacDuj0M="
    },
    "minimist": {
      "version": "0.0.8",
      "resolved": "https://plossys.jfrog.io/plossys/api/npm/npm-repo/minimist/-/minimist-0.0.8.tgz",
      "integrity": "sha1-hX/Kv8M5fSYluCKCYuhqp6ARsF0="
    },
    "mkdirp": {
      "version": "0.5.1",
      "resolved": "https://plossys.jfrog.io/plossys/api/npm/npm-repo/mkdirp/-/mkdirp-0.5.1.tgz",
      "integrity": "sha1-MAV0OOrGz3+MR2fzhkjWaX11yQM=",
      "requires": {
        "minimist": "0.0.8"
      }
    },
    "mongodb": {
      "version": "3.5.5",
      "resolved": "https://plossys.jfrog.io/plossys/api/npm/npm-repo/mongodb/-/mongodb-3.5.5.tgz",
      "integrity": "sha1-EzTD5aOERprH7w3qadWazIKaSWo=",
      "requires": {
        "bl": "^2.2.0",
        "bson": "^1.1.1",
        "denque": "^1.4.1",
        "require_optional": "^1.0.1",
        "safe-buffer": "^5.1.2",
        "saslprep": "^1.0.0"
      }
    },
    "mongodb-extjson": {
      "version": "2.1.4",
      "resolved": "https://plossys.jfrog.io/plossys/api/npm/npm-repo/mongodb-extjson/-/mongodb-extjson-2.1.4.tgz",
      "integrity": "sha1-x+riO77qlka48sMCdkqpVAwg/lY=",
      "requires": {
        "bson": "^2.0.7"
      },
      "dependencies": {
        "bson": {
          "version": "2.0.8",
          "resolved": "https://plossys.jfrog.io/plossys/api/npm/npm-repo/bson/-/bson-2.0.8.tgz",
          "integrity": "sha1-47zBFeSGvcsiLedWjEOwtDKSdh4="
        }
      }
    },
    "ms": {
      "version": "2.1.2",
      "resolved": "https://plossys.jfrog.io/plossys/api/npm/npm-repo/ms/-/ms-2.1.2.tgz",
      "integrity": "sha1-0J0fNXtEP0kzgqjrPM0YOHKuYAk="
    },
    "node-persist": {
      "version": "2.1.0",
      "resolved": "https://plossys.jfrog.io/plossys/api/npm/npm-repo/node-persist/-/node-persist-2.1.0.tgz",
      "integrity": "sha1-5lK784haBNrWo1PXQXYXfIORRwc=",
      "requires": {
        "is-absolute": "^0.2.6",
        "mkdirp": "~0.5.1",
        "q": "~1.1.1"
      }
    },
    "once": {
      "version": "1.4.0",
      "resolved": "https://plossys.jfrog.io/plossys/api/npm/npm-repo/once/-/once-1.4.0.tgz",
      "integrity": "sha1-WDsap3WWHUsROsF9nFC6753Xa9E=",
      "requires": {
        "wrappy": "1"
      }
    },
    "one-time": {
      "version": "0.0.4",
      "resolved": "https://plossys.jfrog.io/plossys/api/npm/npm-repo/one-time/-/one-time-0.0.4.tgz",
      "integrity": "sha1-+M33eISCb+Tf+T46nMN7HkSAdC4="
    },
    "p-is-promise": {
      "version": "3.0.0",
      "resolved": "https://plossys.jfrog.io/plossys/api/npm/npm-repo/p-is-promise/-/p-is-promise-3.0.0.tgz",
      "integrity": "sha1-WOeMff4uFjzyoE/4aefB26ZKWXE="
    },
    "process-nextick-args": {
      "version": "2.0.1",
      "resolved": "https://plossys.jfrog.io/plossys/api/npm/npm-repo/process-nextick-args/-/process-nextick-args-2.0.1.tgz",
      "integrity": "sha1-eCDZsWEgzFXKmud5JoCufbptf+I="
    },
    "promise": {
      "version": "8.1.0",
      "resolved": "https://plossys.jfrog.io/plossys/api/npm/npm-repo/promise/-/promise-8.1.0.tgz",
      "integrity": "sha1-aXwlw9/nQ13Xn81Yw4oTWIjq8F4=",
      "requires": {
        "asap": "~2.0.6"
      }
    },
    "pump": {
      "version": "3.0.0",
      "resolved": "https://plossys.jfrog.io/plossys/api/npm/npm-repo/pump/-/pump-3.0.0.tgz",
      "integrity": "sha1-tKIRaBW94vTh6mAjVOjHVWUQemQ=",
      "requires": {
        "end-of-stream": "^1.1.0",
        "once": "^1.3.1"
      }
    },
    "q": {
      "version": "1.1.2",
      "resolved": "https://plossys.jfrog.io/plossys/api/npm/npm-repo/q/-/q-1.1.2.tgz",
      "integrity": "sha1-Y1fikSBnAdmfGXq4TlforRlvKok="
    },
    "readable-stream": {
      "version": "2.3.7",
      "resolved": "https://plossys.jfrog.io/plossys/api/npm/npm-repo/readable-stream/-/readable-stream-2.3.7.tgz",
      "integrity": "sha1-Hsoc9xGu+BTAT2IlKjamL2yyO1c=",
      "requires": {
        "core-util-is": "~1.0.0",
        "inherits": "~2.0.3",
        "isarray": "~1.0.0",
        "process-nextick-args": "~2.0.0",
        "safe-buffer": "~5.1.1",
        "string_decoder": "~1.1.1",
        "util-deprecate": "~1.0.1"
      },
      "dependencies": {
        "safe-buffer": {
          "version": "5.1.2",
          "resolved": "https://plossys.jfrog.io/plossys/api/npm/npm-repo/safe-buffer/-/safe-buffer-5.1.2.tgz",
          "integrity": "sha1-mR7GnSluAxN0fVm9/St0XDX4go0="
        }
      }
    },
    "require_optional": {
      "version": "1.0.1",
      "resolved": "https://plossys.jfrog.io/plossys/api/npm/npm-repo/require_optional/-/require_optional-1.0.1.tgz",
      "integrity": "sha1-TPNaQkf2TKPfjC7yCMxJSxyo/C4=",
      "requires": {
        "resolve-from": "^2.0.0",
        "semver": "^5.1.0"
      }
    },
    "resolve-from": {
      "version": "2.0.0",
      "resolved": "https://plossys.jfrog.io/plossys/api/npm/npm-repo/resolve-from/-/resolve-from-2.0.0.tgz",
      "integrity": "sha1-lICrIOlP+h2egKgEx+oUdhGWa1c="
    },
    "retry": {
      "version": "0.12.0",
      "resolved": "https://plossys.jfrog.io/plossys/api/npm/npm-repo/retry/-/retry-0.12.0.tgz",
      "integrity": "sha1-G0KmJmoh8HQh0bC1S33BZ7AcATs="
    },
    "safe-buffer": {
      "version": "5.2.0",
      "resolved": "https://plossys.jfrog.io/plossys/api/npm/npm-repo/safe-buffer/-/safe-buffer-5.2.0.tgz",
      "integrity": "sha1-t02uxJsRSPiMZLaNSbHoFcHy9Rk="
    },
    "saslprep": {
      "version": "1.0.3",
      "resolved": "https://plossys.jfrog.io/plossys/api/npm/npm-repo/saslprep/-/saslprep-1.0.3.tgz",
      "integrity": "sha1-TAL5RrVs9UKX40e6EJPnrKxM8iY=",
      "optional": true,
      "requires": {
        "sparse-bitfield": "^3.0.3"
      }
    },
    "secure-json-parse": {
      "version": "2.1.0",
      "resolved": "https://plossys.jfrog.io/plossys/api/npm/npm-repo/secure-json-parse/-/secure-json-parse-2.1.0.tgz",
      "integrity": "sha1-rnb1YkJWtcSXr4hwkKXZ4VbJ+yA="
    },
    "semver": {
      "version": "5.7.1",
      "resolved": "https://plossys.jfrog.io/plossys/api/npm/npm-repo/semver/-/semver-5.7.1.tgz",
      "integrity": "sha1-qVT5Ma66UI0we78Gnv8MAclhFvc="
    },
    "simple-swizzle": {
      "version": "0.2.2",
      "resolved": "https://plossys.jfrog.io/plossys/api/npm/npm-repo/simple-swizzle/-/simple-swizzle-0.2.2.tgz",
      "integrity": "sha1-pNprY1/8zMoz9w0Xy5JZLeleVXo=",
      "requires": {
        "is-arrayish": "^0.3.1"
      }
    },
    "sparse-bitfield": {
      "version": "3.0.3",
      "resolved": "https://plossys.jfrog.io/plossys/api/npm/npm-repo/sparse-bitfield/-/sparse-bitfield-3.0.3.tgz",
      "integrity": "sha1-/0rm5oZWBWuks+eSqzM004JzyhE=",
      "optional": true,
      "requires": {
        "memory-pager": "^1.0.2"
      }
    },
    "stack-trace": {
      "version": "0.0.10",
      "resolved": "https://plossys.jfrog.io/plossys/api/npm/npm-repo/stack-trace/-/stack-trace-0.0.10.tgz",
      "integrity": "sha1-VHxws0fo0ytOEI6hoqFZ5f3eGcA="
    },
    "string_decoder": {
      "version": "1.1.1",
      "resolved": "https://plossys.jfrog.io/plossys/api/npm/npm-repo/string_decoder/-/string_decoder-1.1.1.tgz",
      "integrity": "sha1-nPFhG6YmhdcDCunkujQUnDrwP8g=",
      "requires": {
        "safe-buffer": "~5.1.0"
      },
      "dependencies": {
        "safe-buffer": {
          "version": "5.1.2",
          "resolved": "https://plossys.jfrog.io/plossys/api/npm/npm-repo/safe-buffer/-/safe-buffer-5.1.2.tgz",
          "integrity": "sha1-mR7GnSluAxN0fVm9/St0XDX4go0="
        }
      }
    },
    "text-hex": {
      "version": "1.0.0",
      "resolved": "https://plossys.jfrog.io/plossys/api/npm/npm-repo/text-hex/-/text-hex-1.0.0.tgz",
      "integrity": "sha1-adycGxdEbueakr9biEu0uRJ1BvU="
    },
    "triple-beam": {
      "version": "1.3.0",
      "resolved": "https://plossys.jfrog.io/plossys/api/npm/npm-repo/triple-beam/-/triple-beam-1.3.0.tgz",
      "integrity": "sha1-pZUhTHKY24M57u7gg+TRC9jLjdk="
    },
    "unc-path-regex": {
      "version": "0.1.2",
      "resolved": "https://plossys.jfrog.io/plossys/api/npm/npm-repo/unc-path-regex/-/unc-path-regex-0.1.2.tgz",
      "integrity": "sha1-5z3T17DXxe2G+6xrCufYxqadUPo="
    },
    "util-deprecate": {
      "version": "1.0.2",
      "resolved": "https://plossys.jfrog.io/plossys/api/npm/npm-repo/util-deprecate/-/util-deprecate-1.0.2.tgz",
      "integrity": "sha1-RQ1Nyfpw3nMnYvvS1KKJgUGaDM8="
    },
    "winston": {
      "version": "3.2.1",
      "resolved": "https://plossys.jfrog.io/plossys/api/npm/npm-repo/winston/-/winston-3.2.1.tgz",
      "integrity": "sha1-YwYTd5dsc1hAKL4kkKGEYFX3fwc=",
      "requires": {
        "async": "^2.6.1",
        "diagnostics": "^1.1.1",
        "is-stream": "^1.1.0",
        "logform": "^2.1.1",
        "one-time": "0.0.4",
        "readable-stream": "^3.1.1",
        "stack-trace": "0.0.x",
        "triple-beam": "^1.3.0",
        "winston-transport": "^4.3.0"
      },
      "dependencies": {
        "readable-stream": {
          "version": "3.6.0",
          "resolved": "https://plossys.jfrog.io/plossys/api/npm/npm-repo/readable-stream/-/readable-stream-3.6.0.tgz",
          "integrity": "sha1-M3u9o63AcGvT4CRCaihtS0sskZg=",
          "requires": {
            "inherits": "^2.0.3",
            "string_decoder": "^1.1.1",
            "util-deprecate": "^1.0.1"
          }
        }
      }
    },
    "winston-elasticsearch": {
      "version": "0.8.5",
      "resolved": "https://plossys.jfrog.io/plossys/api/npm/npm-repo/winston-elasticsearch/-/winston-elasticsearch-0.8.5.tgz",
      "integrity": "sha1-NYcAodmn3BguWfuL4PRlGVNfW6U=",
      "requires": {
        "@elastic/elasticsearch": "^7.6.0",
        "dayjs": "^1.8.22",
        "debug": "4.1.1",
        "lodash.defaults": "^4.2.0",
        "lodash.omit": "^4.5.0",
        "promise": "^8.1.0",
        "retry": "^0.12.0",
        "winston": "^3.2.1",
        "winston-transport": "4.3.0"
      }
    },
    "winston-transport": {
      "version": "4.3.0",
      "resolved": "https://plossys.jfrog.io/plossys/api/npm/npm-repo/winston-transport/-/winston-transport-4.3.0.tgz",
      "integrity": "sha1-32jAwgJILESNm0cxPAcwTC18LGY=",
      "requires": {
        "readable-stream": "^2.3.6",
        "triple-beam": "^1.2.0"
      }
    },
    "wrappy": {
      "version": "1.0.2",
      "resolved": "https://plossys.jfrog.io/plossys/api/npm/npm-repo/wrappy/-/wrappy-1.0.2.tgz",
      "integrity": "sha1-tSQ9jz7BqjXxNkYFvA0QNuMKtp8="
    }
  }
}
