{
  "name": "mongodb-node-changestreams-sample",
  "version": "1.0.0",
  "lockfileVersion": 1,
  "requires": true,
  "dependencies": {
    "bl": {
      "version": "2.2.0",
      "resolved": "https://plossys.jfrog.io/plossys/api/npm/npm-repo/bl/-/bl-2.2.0.tgz",
      "integrity": "sha1-4aV0zfUo5AUwGbuACwQcCsiNpJM=",
      "requires": {
        "readable-stream": "^2.3.5",
        "safe-buffer": "^5.1.1"
      }
    },
    "bson": {
      "version": "1.1.3",
      "resolved": "https://plossys.jfrog.io/plossys/api/npm/npm-repo/bson/-/bson-1.1.3.tgz",
      "integrity": "sha1-qoLLkfmkU6qgYNYgnQZ1EUqBVNM="
    },
    "core-util-is": {
      "version": "1.0.2",
      "resolved": "https://plossys.jfrog.io/plossys/api/npm/npm-repo/core-util-is/-/core-util-is-1.0.2.tgz",
      "integrity": "sha1-tf1UIgqivFq1eqtxQMlAdUUDwac="
    },
    "denque": {
      "version": "1.4.1",
      "resolved": "https://plossys.jfrog.io/plossys/api/npm/npm-repo/denque/-/denque-1.4.1.tgz",
      "integrity": "sha1-Z0T/dkHBSMP4ppwwflEjXB9KN88="
    },
    "inherits": {
      "version": "2.0.4",
      "resolved": "https://plossys.jfrog.io/plossys/api/npm/npm-repo/inherits/-/inherits-2.0.4.tgz",
      "integrity": "sha1-D6LGT5MpF8NDOg3tVTY6rjdBa3w="
    },
    "is-absolute": {
      "version": "0.2.6",
      "resolved": "https://plossys.jfrog.io/plossys/api/npm/npm-repo/is-absolute/-/is-absolute-0.2.6.tgz",
      "integrity": "sha1-IN5p89uULvLYe5wto28XIjWxtes=",
      "requires": {
        "is-relative": "^0.2.1",
        "is-windows": "^0.2.0"
      }
    },
    "is-relative": {
      "version": "0.2.1",
      "resolved": "https://plossys.jfrog.io/plossys/api/npm/npm-repo/is-relative/-/is-relative-0.2.1.tgz",
      "integrity": "sha1-0n9MfVFtF1+2ENuEu+7yPDvJeqU=",
      "requires": {
        "is-unc-path": "^0.1.1"
      }
    },
    "is-unc-path": {
      "version": "0.1.2",
      "resolved": "https://plossys.jfrog.io/plossys/api/npm/npm-repo/is-unc-path/-/is-unc-path-0.1.2.tgz",
      "integrity": "sha1-arBTpyVzwQJQ/0FqOBTDUXivObk=",
      "requires": {
        "unc-path-regex": "^0.1.0"
      }
    },
    "is-windows": {
      "version": "0.2.0",
      "resolved": "https://plossys.jfrog.io/plossys/api/npm/npm-repo/is-windows/-/is-windows-0.2.0.tgz",
      "integrity": "sha1-3hqm1j6indJIc3tp8f+LgALSEIw="
    },
    "isarray": {
      "version": "1.0.0",
      "resolved": "https://plossys.jfrog.io/plossys/api/npm/npm-repo/isarray/-/isarray-1.0.0.tgz",
      "integrity": "sha1-u5NdSFgsuhaMBoNJV6VKPgcSTxE="
    },
    "memory-pager": {
      "version": "1.5.0",
      "resolved": "https://plossys.jfrog.io/plossys/api/npm/npm-repo/memory-pager/-/memory-pager-1.5.0.tgz",
      "integrity": "sha1-2HUWVdItOEaCdByXLyw9bfo+ZrU=",
      "optional": true
    },
    "minimist": {
      "version": "0.0.8",
      "resolved": "https://plossys.jfrog.io/plossys/api/npm/npm-repo/minimist/-/minimist-0.0.8.tgz",
      "integrity": "sha1-hX/Kv8M5fSYluCKCYuhqp6ARsF0="
    },
    "mkdirp": {
      "version": "0.5.1",
      "resolved": "https://plossys.jfrog.io/plossys/api/npm/npm-repo/mkdirp/-/mkdirp-0.5.1.tgz",
      "integrity": "sha1-MAV0OOrGz3+MR2fzhkjWaX11yQM=",
      "requires": {
        "minimist": "0.0.8"
      }
    },
    "mongodb": {
      "version": "3.5.5",
      "resolved": "https://plossys.jfrog.io/plossys/api/npm/npm-repo/mongodb/-/mongodb-3.5.5.tgz",
      "integrity": "sha1-EzTD5aOERprH7w3qadWazIKaSWo=",
      "requires": {
        "bl": "^2.2.0",
        "bson": "^1.1.1",
        "denque": "^1.4.1",
        "require_optional": "^1.0.1",
        "safe-buffer": "^5.1.2",
        "saslprep": "^1.0.0"
      }
    },
    "mongodb-extjson": {
      "version": "2.1.4",
      "resolved": "https://plossys.jfrog.io/plossys/api/npm/npm-repo/mongodb-extjson/-/mongodb-extjson-2.1.4.tgz",
      "integrity": "sha1-x+riO77qlka48sMCdkqpVAwg/lY=",
      "requires": {
        "bson": "^2.0.7"
      },
      "dependencies": {
        "bson": {
          "version": "2.0.8",
          "resolved": "https://plossys.jfrog.io/plossys/api/npm/npm-repo/bson/-/bson-2.0.8.tgz",
          "integrity": "sha1-47zBFeSGvcsiLedWjEOwtDKSdh4="
        }
      }
    },
    "node-persist": {
      "version": "2.1.0",
      "resolved": "https://plossys.jfrog.io/plossys/api/npm/npm-repo/node-persist/-/node-persist-2.1.0.tgz",
      "integrity": "sha1-5lK784haBNrWo1PXQXYXfIORRwc=",
      "requires": {
        "is-absolute": "^0.2.6",
        "mkdirp": "~0.5.1",
        "q": "~1.1.1"
      }
    },
    "process-nextick-args": {
      "version": "2.0.1",
      "resolved": "https://plossys.jfrog.io/plossys/api/npm/npm-repo/process-nextick-args/-/process-nextick-args-2.0.1.tgz",
      "integrity": "sha1-eCDZsWEgzFXKmud5JoCufbptf+I="
    },
    "q": {
      "version": "1.1.2",
      "resolved": "https://plossys.jfrog.io/plossys/api/npm/npm-repo/q/-/q-1.1.2.tgz",
      "integrity": "sha1-Y1fikSBnAdmfGXq4TlforRlvKok="
    },
    "readable-stream": {
      "version": "2.3.7",
      "resolved": "https://plossys.jfrog.io/plossys/api/npm/npm-repo/readable-stream/-/readable-stream-2.3.7.tgz",
      "integrity": "sha1-Hsoc9xGu+BTAT2IlKjamL2yyO1c=",
      "requires": {
        "core-util-is": "~1.0.0",
        "inherits": "~2.0.3",
        "isarray": "~1.0.0",
        "process-nextick-args": "~2.0.0",
        "safe-buffer": "~5.1.1",
        "string_decoder": "~1.1.1",
        "util-deprecate": "~1.0.1"
      },
      "dependencies": {
        "safe-buffer": {
          "version": "5.1.2",
          "resolved": "https://plossys.jfrog.io/plossys/api/npm/npm-repo/safe-buffer/-/safe-buffer-5.1.2.tgz",
          "integrity": "sha1-mR7GnSluAxN0fVm9/St0XDX4go0="
        }
      }
    },
    "require_optional": {
      "version": "1.0.1",
      "resolved": "https://plossys.jfrog.io/plossys/api/npm/npm-repo/require_optional/-/require_optional-1.0.1.tgz",
      "integrity": "sha1-TPNaQkf2TKPfjC7yCMxJSxyo/C4=",
      "requires": {
        "resolve-from": "^2.0.0",
        "semver": "^5.1.0"
      }
    },
    "resolve-from": {
      "version": "2.0.0",
      "resolved": "https://plossys.jfrog.io/plossys/api/npm/npm-repo/resolve-from/-/resolve-from-2.0.0.tgz",
      "integrity": "sha1-lICrIOlP+h2egKgEx+oUdhGWa1c="
    },
    "safe-buffer": {
      "version": "5.2.0",
      "resolved": "https://plossys.jfrog.io/plossys/api/npm/npm-repo/safe-buffer/-/safe-buffer-5.2.0.tgz",
      "integrity": "sha1-t02uxJsRSPiMZLaNSbHoFcHy9Rk="
    },
    "saslprep": {
      "version": "1.0.3",
      "resolved": "https://plossys.jfrog.io/plossys/api/npm/npm-repo/saslprep/-/saslprep-1.0.3.tgz",
      "integrity": "sha1-TAL5RrVs9UKX40e6EJPnrKxM8iY=",
      "optional": true,
      "requires": {
        "sparse-bitfield": "^3.0.3"
      }
    },
    "semver": {
      "version": "5.7.1",
      "resolved": "https://plossys.jfrog.io/plossys/api/npm/npm-repo/semver/-/semver-5.7.1.tgz",
      "integrity": "sha1-qVT5Ma66UI0we78Gnv8MAclhFvc="
    },
    "sparse-bitfield": {
      "version": "3.0.3",
      "resolved": "https://plossys.jfrog.io/plossys/api/npm/npm-repo/sparse-bitfield/-/sparse-bitfield-3.0.3.tgz",
      "integrity": "sha1-/0rm5oZWBWuks+eSqzM004JzyhE=",
      "optional": true,
      "requires": {
        "memory-pager": "^1.0.2"
      }
    },
    "string_decoder": {
      "version": "1.1.1",
      "resolved": "https://plossys.jfrog.io/plossys/api/npm/npm-repo/string_decoder/-/string_decoder-1.1.1.tgz",
      "integrity": "sha1-nPFhG6YmhdcDCunkujQUnDrwP8g=",
      "requires": {
        "safe-buffer": "~5.1.0"
      },
      "dependencies": {
        "safe-buffer": {
          "version": "5.1.2",
          "resolved": "https://plossys.jfrog.io/plossys/api/npm/npm-repo/safe-buffer/-/safe-buffer-5.1.2.tgz",
          "integrity": "sha1-mR7GnSluAxN0fVm9/St0XDX4go0="
        }
      }
    },
    "unc-path-regex": {
      "version": "0.1.2",
      "resolved": "https://plossys.jfrog.io/plossys/api/npm/npm-repo/unc-path-regex/-/unc-path-regex-0.1.2.tgz",
      "integrity": "sha1-5z3T17DXxe2G+6xrCufYxqadUPo="
    },
    "util-deprecate": {
      "version": "1.0.2",
      "resolved": "https://plossys.jfrog.io/plossys/api/npm/npm-repo/util-deprecate/-/util-deprecate-1.0.2.tgz",
      "integrity": "sha1-RQ1Nyfpw3nMnYvvS1KKJgUGaDM8="
    }
  }
}
